// !$*UTF8*$!
{
	archiveVersion = 1;
	classes = {
	};
	objectVersion = 46;
	objects = {

/* Begin PBXBuildFile section */
		519CA6461B028C8D0045AEA8 /* AppDelegate.swift in Sources */ = {isa = PBXBuildFile; fileRef = 519CA6451B028C8D0045AEA8 /* AppDelegate.swift */; };
		519CA6481B028C8D0045AEA8 /* ViewController.swift in Sources */ = {isa = PBXBuildFile; fileRef = 519CA6471B028C8D0045AEA8 /* ViewController.swift */; };
		519CA64B1B028C8D0045AEA8 /* Main.storyboard in Resources */ = {isa = PBXBuildFile; fileRef = 519CA6491B028C8D0045AEA8 /* Main.storyboard */; };
		519CA64D1B028C8D0045AEA8 /* Images.xcassets in Resources */ = {isa = PBXBuildFile; fileRef = 519CA64C1B028C8D0045AEA8 /* Images.xcassets */; };
		519CA6501B028C8D0045AEA8 /* LaunchScreen.xib in Resources */ = {isa = PBXBuildFile; fileRef = 519CA64E1B028C8D0045AEA8 /* LaunchScreen.xib */; };
		519CA65C1B028C8D0045AEA8 /* WeatherDemoTests.swift in Sources */ = {isa = PBXBuildFile; fileRef = 519CA65B1B028C8D0045AEA8 /* WeatherDemoTests.swift */; };
/* End PBXBuildFile section */

/* Begin PBXContainerItemProxy section */
		519CA6561B028C8D0045AEA8 /* PBXContainerItemProxy */ = {
			isa = PBXContainerItemProxy;
			containerPortal = 519CA6381B028C8D0045AEA8 /* Project object */;
			proxyType = 1;
			remoteGlobalIDString = 519CA63F1B028C8D0045AEA8;
			remoteInfo = WeatherDemo;
		};
/* End PBXContainerItemProxy section */

/* Begin PBXFileReference section */
		519CA6401B028C8D0045AEA8 /* WeatherDemo.app */ = {isa = PBXFileReference; explicitFileType = wrapper.application; includeInIndex = 0; path = WeatherDemo.app; sourceTree = BUILT_PRODUCTS_DIR; };
		519CA6441B028C8D0045AEA8 /* Info.plist */ = {isa = PBXFileReference; lastKnownFileType = text.plist.xml; path = Info.plist; sourceTree = "<group>"; };
		519CA6451B028C8D0045AEA8 /* AppDelegate.swift */ = {isa = PBXFileReference; lastKnownFileType = sourcecode.swift; path = AppDelegate.swift; sourceTree = "<group>"; };
		519CA6471B028C8D0045AEA8 /* ViewController.swift */ = {isa = PBXFileReference; lastKnownFileType = sourcecode.swift; path = ViewController.swift; sourceTree = "<group>"; };
		519CA64A1B028C8D0045AEA8 /* Base */ = {isa = PBXFileReference; lastKnownFileType = file.storyboard; name = Base; path = Base.lproj/Main.storyboard; sourceTree = "<group>"; };
		519CA64C1B028C8D0045AEA8 /* Images.xcassets */ = {isa = PBXFileReference; lastKnownFileType = folder.assetcatalog; path = Images.xcassets; sourceTree = "<group>"; };
		519CA64F1B028C8D0045AEA8 /* Base */ = {isa = PBXFileReference; lastKnownFileType = file.xib; name = Base; path = Base.lproj/LaunchScreen.xib; sourceTree = "<group>"; };
		519CA6551B028C8D0045AEA8 /* WeatherDemoTests.xctest */ = {isa = PBXFileReference; explicitFileType = wrapper.cfbundle; includeInIndex = 0; path = WeatherDemoTests.xctest; sourceTree = BUILT_PRODUCTS_DIR; };
		519CA65A1B028C8D0045AEA8 /* Info.plist */ = {isa = PBXFileReference; lastKnownFileType = text.plist.xml; path = Info.plist; sourceTree = "<group>"; };
		519CA65B1B028C8D0045AEA8 /* WeatherDemoTests.swift */ = {isa = PBXFileReference; lastKnownFileType = sourcecode.swift; path = WeatherDemoTests.swift; sourceTree = "<group>"; };
/* End PBXFileReference section */

/* Begin PBXFrameworksBuildPhase section */
		519CA63D1B028C8D0045AEA8 /* Frameworks */ = {
			isa = PBXFrameworksBuildPhase;
			buildActionMask = 2147483647;
			files = (
			);
			runOnlyForDeploymentPostprocessing = 0;
		};
		519CA6521B028C8D0045AEA8 /* Frameworks */ = {
			isa = PBXFrameworksBuildPhase;
			buildActionMask = 2147483647;
			files = (
			);
			runOnlyForDeploymentPostprocessing = 0;
		};
/* End PBXFrameworksBuildPhase section */

/* Begin PBXGroup section */
		519CA6371B028C8D0045AEA8 = {
			isa = PBXGroup;
			children = (
				519CA6421B028C8D0045AEA8 /* WeatherDemo */,
				519CA6581B028C8D0045AEA8 /* WeatherDemoTests */,
				519CA6411B028C8D0045AEA8 /* Products */,
			);
			sourceTree = "<group>";
		};
		519CA6411B028C8D0045AEA8 /* Products */ = {
			isa = PBXGroup;
			children = (
				519CA6401B028C8D0045AEA8 /* WeatherDemo.app */,
				519CA6551B028C8D0045AEA8 /* WeatherDemoTests.xctest */,
			);
			name = Products;
			sourceTree = "<group>";
		};
		519CA6421B028C8D0045AEA8 /* WeatherDemo */ = {
			isa = PBXGroup;
			children = (
				519CA6451B028C8D0045AEA8 /* AppDelegate.swift */,
				519CA6471B028C8D0045AEA8 /* ViewController.swift */,
				519CA6491B028C8D0045AEA8 /* Main.storyboard */,
				519CA64C1B028C8D0045AEA8 /* Images.xcassets */,
				519CA64E1B028C8D0045AEA8 /* LaunchScreen.xib */,
				519CA6431B028C8D0045AEA8 /* Supporting Files */,
			);
			path = WeatherDemo;
			sourceTree = "<group>";
		};
		519CA6431B028C8D0045AEA8 /* Supporting Files */ = {
			isa = PBXGroup;
			children = (
				519CA6441B028C8D0045AEA8 /* Info.plist */,
			);
			name = "Supporting Files";
			sourceTree = "<group>";
		};
		519CA6581B028C8D0045AEA8 /* WeatherDemoTests */ = {
			isa = PBXGroup;
			children = (
				519CA65B1B028C8D0045AEA8 /* WeatherDemoTests.swift */,
				519CA6591B028C8D0045AEA8 /* Supporting Files */,
			);
			path = WeatherDemoTests;
			sourceTree = "<group>";
		};
		519CA6591B028C8D0045AEA8 /* Supporting Files */ = {
			isa = PBXGroup;
			children = (
				519CA65A1B028C8D0045AEA8 /* Info.plist */,
			);
			name = "Supporting Files";
			sourceTree = "<group>";
		};
/* End PBXGroup section */

/* Begin PBXNativeTarget section */
		519CA63F1B028C8D0045AEA8 /* WeatherDemo */ = {
			isa = PBXNativeTarget;
			buildConfigurationList = 519CA65F1B028C8D0045AEA8 /* Build configuration list for PBXNativeTarget "WeatherDemo" */;
			buildPhases = (
				519CA63C1B028C8D0045AEA8 /* Sources */,
				519CA63D1B028C8D0045AEA8 /* Frameworks */,
				519CA63E1B028C8D0045AEA8 /* Resources */,
			);
			buildRules = (
			);
			dependencies = (
			);
			name = WeatherDemo;
			productName = WeatherDemo;
			productReference = 519CA6401B028C8D0045AEA8 /* WeatherDemo.app */;
			productType = "com.apple.product-type.application";
		};
		519CA6541B028C8D0045AEA8 /* WeatherDemoTests */ = {
			isa = PBXNativeTarget;
			buildConfigurationList = 519CA6621B028C8D0045AEA8 /* Build configuration list for PBXNativeTarget "WeatherDemoTests" */;
			buildPhases = (
				519CA6511B028C8D0045AEA8 /* Sources */,
				519CA6521B028C8D0045AEA8 /* Frameworks */,
				519CA6531B028C8D0045AEA8 /* Resources */,
			);
			buildRules = (
			);
			dependencies = (
				519CA6571B028C8D0045AEA8 /* PBXTargetDependency */,
			);
			name = WeatherDemoTests;
			productName = WeatherDemoTests;
			productReference = 519CA6551B028C8D0045AEA8 /* WeatherDemoTests.xctest */;
			productType = "com.apple.product-type.bundle.unit-test";
		};
/* End PBXNativeTarget section */

/* Begin PBXProject section */
		519CA6381B028C8D0045AEA8 /* Project object */ = {
			isa = PBXProject;
			attributes = {
				LastUpgradeCheck = 0630;
				ORGANIZATIONNAME = "Jai Verma";
				TargetAttributes = {
					519CA63F1B028C8D0045AEA8 = {
						CreatedOnToolsVersion = 6.3;
						DevelopmentTeam = HGYS8WABYY;
					};
					519CA6541B028C8D0045AEA8 = {
						CreatedOnToolsVersion = 6.3;
						TestTargetID = 519CA63F1B028C8D0045AEA8;
					};
				};
			};
			buildConfigurationList = 519CA63B1B028C8D0045AEA8 /* Build configuration list for PBXProject "WeatherDemo" */;
			compatibilityVersion = "Xcode 3.2";
			developmentRegion = English;
			hasScannedForEncodings = 0;
			knownRegions = (
				en,
				Base,
			);
			mainGroup = 519CA6371B028C8D0045AEA8;
			productRefGroup = 519CA6411B028C8D0045AEA8 /* Products */;
			projectDirPath = "";
			projectRoot = "";
			targets = (
				519CA63F1B028C8D0045AEA8 /* WeatherDemo */,
				519CA6541B028C8D0045AEA8 /* WeatherDemoTests */,
			);
		};
/* End PBXProject section */

/* Begin PBXResourcesBuildPhase section */
		519CA63E1B028C8D0045AEA8 /* Resources */ = {
			isa = PBXResourcesBuildPhase;
			buildActionMask = 2147483647;
			files = (
				519CA64B1B028C8D0045AEA8 /* Main.storyboard in Resources */,
				519CA6501B028C8D0045AEA8 /* LaunchScreen.xib in Resources */,
				519CA64D1B028C8D0045AEA8 /* Images.xcassets in Resources */,
			);
			runOnlyForDeploymentPostprocessing = 0;
		};
		519CA6531B028C8D0045AEA8 /* Resources */ = {
			isa = PBXResourcesBuildPhase;
			buildActionMask = 2147483647;
			files = (
			);
			runOnlyForDeploymentPostprocessing = 0;
		};
/* End PBXResourcesBuildPhase section */

/* Begin PBXSourcesBuildPhase section */
		519CA63C1B028C8D0045AEA8 /* Sources */ = {
			isa = PBXSourcesBuildPhase;
			buildActionMask = 2147483647;
			files = (
				519CA6481B028C8D0045AEA8 /* ViewController.swift in Sources */,
				519CA6461B028C8D0045AEA8 /* AppDelegate.swift in Sources */,
			);
			runOnlyForDeploymentPostprocessing = 0;
		};
		519CA6511B028C8D0045AEA8 /* Sources */ = {
			isa = PBXSourcesBuildPhase;
			buildActionMask = 2147483647;
			files = (
				519CA65C1B028C8D0045AEA8 /* WeatherDemoTests.swift in Sources */,
			);
			runOnlyForDeploymentPostprocessing = 0;
		};
/* End PBXSourcesBuildPhase section */

/* Begin PBXTargetDependency section */
		519CA6571B028C8D0045AEA8 /* PBXTargetDependency */ = {
			isa = PBXTargetDependency;
			target = 519CA63F1B028C8D0045AEA8 /* WeatherDemo */;
			targetProxy = 519CA6561B028C8D0045AEA8 /* PBXContainerItemProxy */;
		};
/* End PBXTargetDependency section */

/* Begin PBXVariantGroup section */
		519CA6491B028C8D0045AEA8 /* Main.storyboard */ = {
			isa = PBXVariantGroup;
			children = (
				519CA64A1B028C8D0045AEA8 /* Base */,
			);
			name = Main.storyboard;
			sourceTree = "<group>";
		};
		519CA64E1B028C8D0045AEA8 /* LaunchScreen.xib */ = {
			isa = PBXVariantGroup;
			children = (
				519CA64F1B028C8D0045AEA8 /* Base */,
			);
			name = LaunchScreen.xib;
			sourceTree = "<group>";
		};
/* End PBXVariantGroup section */

/* Begin XCBuildConfiguration section */
		519CA65D1B028C8D0045AEA8 /* Debug */ = {
			isa = XCBuildConfiguration;
			buildSettings = {
				ALWAYS_SEARCH_USER_PATHS = NO;
				CLANG_CXX_LANGUAGE_STANDARD = "gnu++0x";
				CLANG_CXX_LIBRARY = "libc++";
				CLANG_ENABLE_MODULES = YES;
				CLANG_ENABLE_OBJC_ARC = YES;
				CLANG_WARN_BOOL_CONVERSION = YES;
				CLANG_WARN_CONSTANT_CONVERSION = YES;
				CLANG_WARN_DIRECT_OBJC_ISA_USAGE = YES_ERROR;
				CLANG_WARN_EMPTY_BODY = YES;
				CLANG_WARN_ENUM_CONVERSION = YES;
				CLANG_WARN_INT_CONVERSION = YES;
				CLANG_WARN_OBJC_ROOT_CLASS = YES_ERROR;
				CLANG_WARN_UNREACHABLE_CODE = YES;
				CLANG_WARN__DUPLICATE_METHOD_MATCH = YES;
				"CODE_SIGN_IDENTITY[sdk=iphoneos*]" = "iPhone Developer";
				COPY_PHASE_STRIP = NO;
				DEBUG_INFORMATION_FORMAT = "dwarf-with-dsym";
				ENABLE_STRICT_OBJC_MSGSEND = YES;
				GCC_C_LANGUAGE_STANDARD = gnu99;
				GCC_DYNAMIC_NO_PIC = NO;
				GCC_NO_COMMON_BLOCKS = YES;
				GCC_OPTIMIZATION_LEVEL = 0;
				GCC_PREPROCESSOR_DEFINITIONS = (
					"DEBUG=1",
					"$(inherited)",
				);
				GCC_SYMBOLS_PRIVATE_EXTERN = NO;
				GCC_WARN_64_TO_32_BIT_CONVERSION = YES;
				GCC_WARN_ABOUT_RETURN_TYPE = YES_ERROR;
				GCC_WARN_UNDECLARED_SELECTOR = YES;
				GCC_WARN_UNINITIALIZED_AUTOS = YES_AGGRESSIVE;
				GCC_WARN_UNUSED_FUNCTION = YES;
				GCC_WARN_UNUSED_VARIABLE = YES;
				IPHONEOS_DEPLOYMENT_TARGET = 8.3;
				MTL_ENABLE_DEBUG_INFO = YES;
				ONLY_ACTIVE_ARCH = YES;
				SDKROOT = iphoneos;
				SWIFT_OPTIMIZATION_LEVEL = "-Onone";
			};
			name = Debug;
		};
		519CA65E1B028C8D0045AEA8 /* Release */ = {
			isa = XCBuildConfiguration;
			buildSettings = {
				ALWAYS_SEARCH_USER_PATHS = NO;
				CLANG_CXX_LANGUAGE_STANDARD = "gnu++0x";
				CLANG_CXX_LIBRARY = "libc++";
				CLANG_ENABLE_MODULES = YES;
				CLANG_ENABLE_OBJC_ARC = YES;
				CLANG_WARN_BOOL_CONVERSION = YES;
				CLANG_WARN_CONSTANT_CONVERSION = YES;
				CLANG_WARN_DIRECT_OBJC_ISA_USAGE = YES_ERROR;
				CLANG_WARN_EMPTY_BODY = YES;
				CLANG_WARN_ENUM_CONVERSION = YES;
				CLANG_WARN_INT_CONVERSION = YES;
				CLANG_WARN_OBJC_ROOT_CLASS = YES_ERROR;
				CLANG_WARN_UNREACHABLE_CODE = YES;
				CLANG_WARN__DUPLICATE_METHOD_MATCH = YES;
				"CODE_SIGN_IDENTITY[sdk=iphoneos*]" = "iPhone Developer";
				COPY_PHASE_STRIP = NO;
				DEBUG_INFORMATION_FORMAT = "dwarf-with-dsym";
				ENABLE_NS_ASSERTIONS = NO;
				ENABLE_STRICT_OBJC_MSGSEND = YES;
				GCC_C_LANGUAGE_STANDARD = gnu99;
				GCC_NO_COMMON_BLOCKS = YES;
				GCC_WARN_64_TO_32_BIT_CONVERSION = YES;
				GCC_WARN_ABOUT_RETURN_TYPE = YES_ERROR;
				GCC_WARN_UNDECLARED_SELECTOR = YES;
				GCC_WARN_UNINITIALIZED_AUTOS = YES_AGGRESSIVE;
				GCC_WARN_UNUSED_FUNCTION = YES;
				GCC_WARN_UNUSED_VARIABLE = YES;
				IPHONEOS_DEPLOYMENT_TARGET = 8.3;
				MTL_ENABLE_DEBUG_INFO = NO;
				SDKROOT = iphoneos;
				VALIDATE_PRODUCT = YES;
			};
			name = Release;
		};
		519CA6601B028C8D0045AEA8 /* Debug */ = {
			isa = XCBuildConfiguration;
			buildSettings = {
				ASSETCATALOG_COMPILER_APPICON_NAME = AppIcon;
				CODE_SIGN_IDENTITY = "iPhone Developer";
				"CODE_SIGN_IDENTITY[sdk=iphoneos*]" = "iPhone Developer";
				INFOPLIST_FILE = WeatherDemo/Info.plist;
				LD_RUNPATH_SEARCH_PATHS = "$(inherited) @executable_path/Frameworks";
				PRODUCT_NAME = "$(TARGET_NAME)";
				PROVISIONING_PROFILE = "";
			};
			name = Debug;
		};
		519CA6611B028C8D0045AEA8 /* Release */ = {
			isa = XCBuildConfiguration;
			buildSettings = {
				ASSETCATALOG_COMPILER_APPICON_NAME = AppIcon;
				CODE_SIGN_IDENTITY = "iPhone Developer";
				"CODE_SIGN_IDENTITY[sdk=iphoneos*]" = "iPhone Developer";
				INFOPLIST_FILE = WeatherDemo/Info.plist;
				LD_RUNPATH_SEARCH_PATHS = "$(inherited) @executable_path/Frameworks";
				PRODUCT_NAME = "$(TARGET_NAME)";
				PROVISIONING_PROFILE = "";
			};
			name = Release;
		};
		519CA6631B028C8D0045AEA8 /* Debug */ = {
			isa = XCBuildConfiguration;
			buildSettings = {
				BUNDLE_LOADER = "$(TEST_HOST)";
				FRAMEWORK_SEARCH_PATHS = (
					"$(SDKROOT)/Developer/Library/Frameworks",
					"$(inherited)",
				);
				GCC_PREPROCESSOR_DEFINITIONS = (
					"DEBUG=1",
					"$(inherited)",
				);
				INFOPLIST_FILE = WeatherDemoTests/Info.plist;
				LD_RUNPATH_SEARCH_PATHS = "$(inherited) @executable_path/Frameworks @loader_path/Frameworks";
				PRODUCT_NAME = "$(TARGET_NAME)";
				TEST_HOST = "$(BUILT_PRODUCTS_DIR)/WeatherDemo.app/WeatherDemo";
			};
			name = Debug;
		};
		519CA6641B028C8D0045AEA8 /* Release */ = {
			isa = XCBuildConfiguration;
			buildSettings = {
				BUNDLE_LOADER = "$(TEST_HOST)";
				FRAMEWORK_SEARCH_PATHS = (
					"$(SDKROOT)/Developer/Library/Frameworks",
					"$(inherited)",
				);
				INFOPLIST_FILE = WeatherDemoTests/Info.plist;
				LD_RUNPATH_SEARCH_PATHS = "$(inherited) @executable_path/Frameworks @loader_path/Frameworks";
				PRODUCT_NAME = "$(TARGET_NAME)";
				TEST_HOST = "$(BUILT_PRODUCTS_DIR)/WeatherDemo.app/WeatherDemo";
			};
			name = Release;
		};
/* End XCBuildConfiguration section */

/* Begin XCConfigurationList section */
		519CA63B1B028C8D0045AEA8 /* Build configuration list for PBXProject "WeatherDemo" */ = {
			isa = XCConfigurationList;
			buildConfigurations = (
				519CA65D1B028C8D0045AEA8 /* Debug */,
				519CA65E1B028C8D0045AEA8 /* Release */,
			);
			defaultConfigurationIsVisible = 0;
			defaultConfigurationName = Release;
		};
		519CA65F1B028C8D0045AEA8 /* Build configuration list for PBXNativeTarget "WeatherDemo" */ = {
			isa = XCConfigurationList;
			buildConfigurations = (
				519CA6601B028C8D0045AEA8 /* Debug */,
				519CA6611B028C8D0045AEA8 /* Release */,
			);
			defaultConfigurationIsVisible = 0;
			defaultConfigurationName = Release;
		};
		519CA6621B028C8D0045AEA8 /* Build configuration list for PBXNativeTarget "WeatherDemoTests" */ = {
			isa = XCConfigurationList;
			buildConfigurations = (
				519CA6631B028C8D0045AEA8 /* Debug */,
				519CA6641B028C8D0045AEA8 /* Release */,
			);
			defaultConfigurationIsVisible = 0;
			defaultConfigurationName = Release;
		};
/* End XCConfigurationList section */
	};
	rootObject = 519CA6381B028C8D0045AEA8 /* Project object */;
}
